
Microsoft Visual Studio Solution File, Format Version 12.00
# Visual Studio Version 16
VisualStudioVersion = 16.0.30309.148
MinimumVisualStudioVersion = 10.0.40219.1
Project("{FAE04EC0-301F-11D3-BF4B-00C04F79EFBC}") = "Unipa.Project1", "Unipa.Project1.csproj", "{891E0DDF-4C08-49A1-9A5B-097CE582B4A6}"
EndProject
Global
	GlobalSection(SolutionConfigurationPlatforms) = preSolution
		Debug|Any CPU = Debug|Any CPU
		Release|Any CPU = Release|Any CPU
	EndGlobalSection
	GlobalSection(ProjectConfigurationPlatforms) = postSolution
		{891E0DDF-4C08-49A1-9A5B-097CE582B4A6}.Debug|Any CPU.ActiveCfg = Debug|Any CPU
		{891E0DDF-4C08-49A1-9A5B-097CE582B4A6}.Debug|Any CPU.Build.0 = Debug|Any CPU
		{891E0DDF-4C08-49A1-9A5B-097CE582B4A6}.Release|Any CPU.ActiveCfg = Release|Any CPU
		{891E0DDF-4C08-49A1-9A5B-097CE582B4A6}.Release|Any CPU.Build.0 = Release|Any CPU
	EndGlobalSection
	GlobalSection(SolutionProperties) = preSolution
		HideSolutionNode = FALSE
	EndGlobalSection
	GlobalSection(ExtensibilityGlobals) = postSolution
		SolutionGuid = {117D0BB1-6EB9-40C1-8979-A9177A393212}
	EndGlobalSection
EndGlobal
